
Microsoft Visual Studio Solution File, Format Version 12.00
# Visual Studio 15
VisualStudioVersion = 15.0.28307.757
MinimumVisualStudioVersion = 10.0.40219.1
Project("{8BC9CEB8-8B4A-11D0-8D11-00A0C91BC942}") = "SudokuSolver", "SudokuSolver\SudokuSolver.vcxproj", "{C31DEF41-9C94-406B-BBE6-24AE249F9378}"
EndProject
Global
	GlobalSection(SolutionConfigurationPlatforms) = preSolution
		Debug|x64 = Debug|x64
		Debug|x86 = Debug|x86
		Release|x64 = Release|x64
		Release|x86 = Release|x86
	EndGlobalSection
	GlobalSection(ProjectConfigurationPlatforms) = postSolution
		{C31DEF41-9C94-406B-BBE6-24AE249F9378}.Debug|x64.ActiveCfg = Debug|x64
		{C31DEF41-9C94-406B-BBE6-24AE249F9378}.Debug|x64.Build.0 = Debug|x64
		{C31DEF41-9C94-406B-BBE6-24AE249F9378}.Debug|x86.ActiveCfg = Debug|Win32
		{C31DEF41-9C94-406B-BBE6-24AE249F9378}.Debug|x86.Build.0 = Debug|Win32
		{C31DEF41-9C94-406B-BBE6-24AE249F9378}.Release|x64.ActiveCfg = Release|x64
		{C31DEF41-9C94-406B-BBE6-24AE249F9378}.Release|x64.Build.0 = Release|x64
		{C31DEF41-9C94-406B-BBE6-24AE249F9378}.Release|x86.ActiveCfg = Release|Win32
		{C31DEF41-9C94-406B-BBE6-24AE249F9378}.Release|x86.Build.0 = Release|Win32
	EndGlobalSection
	GlobalSection(SolutionProperties) = preSolution
		HideSolutionNode = FALSE
	EndGlobalSection
	GlobalSection(ExtensibilityGlobals) = postSolution
		SolutionGuid = {C2932373-2C87-4EB4-9B10-94BE64B3CB00}
	EndGlobalSection
EndGlobal
